
Microsoft Visual Studio Solution File, Format Version 12.00
# Visual Studio 14
VisualStudioVersion = 14.0.25420.1
MinimumVisualStudioVersion = 10.0.40219.1
Project("{FAE04EC0-301F-11D3-BF4B-00C04F79EFBC}") = "Additio.Lucene.Analyzers", "Additio.Lucene.Analyzers\Additio.Lucene.Analyzers.csproj", "{11DEF20D-E36B-446D-B335-6059A7406062}"
EndProject
Project("{2150E333-8FDC-42A3-9474-1A3956D46DE8}") = "Solution Items", "Solution Items", "{09A6377B-06BA-4347-81FB-65D17924FCDD}"
	ProjectSection(SolutionItems) = preProject
		..\LICENSE.md = ..\LICENSE.md
		..\README.md = ..\README.md
	EndProjectSection
EndProject
Project("{2150E333-8FDC-42A3-9474-1A3956D46DE8}") = "Sitecore", "Sitecore", "{F46B3A34-3E5C-45C2-84CE-0CE660EFA962}"
	ProjectSection(SolutionItems) = preProject
		..\Sitecore.ContentSearch\z.Additio.Lucene.DefaultIndexConfiguration.DanishExecutionContext.config = ..\Sitecore.ContentSearch\z.Additio.Lucene.DefaultIndexConfiguration.DanishExecutionContext.config
	EndProjectSection
EndProject
Global
	GlobalSection(SolutionConfigurationPlatforms) = preSolution
		Debug|Any CPU = Debug|Any CPU
		Release|Any CPU = Release|Any CPU
	EndGlobalSection
	GlobalSection(ProjectConfigurationPlatforms) = postSolution
		{11DEF20D-E36B-446D-B335-6059A7406062}.Debug|Any CPU.ActiveCfg = Debug|Any CPU
		{11DEF20D-E36B-446D-B335-6059A7406062}.Debug|Any CPU.Build.0 = Debug|Any CPU
		{11DEF20D-E36B-446D-B335-6059A7406062}.Release|Any CPU.ActiveCfg = Release|Any CPU
		{11DEF20D-E36B-446D-B335-6059A7406062}.Release|Any CPU.Build.0 = Release|Any CPU
	EndGlobalSection
	GlobalSection(SolutionProperties) = preSolution
		HideSolutionNode = FALSE
	EndGlobalSection
EndGlobal
